Microsoft Visual Studio Solution File, Format Version 12.00
# Visual Studio Version 17
VisualStudioVersion = 17.0.31903.59
MinimumVisualStudioVersion = 10.0.40219.1
Project("{66A26720-8FB5-11D2-AA7E-00C04F688DDE}") = "src", "src", "{7F89FB21-ED89-5B5F-BDEE-6C6279E9CD05}"
EndProject
Project("{66A26720-8FB5-11D2-AA7E-00C04F688DDE}") = "tests", "tests", "{B53CFE07-EEDA-5A4B-96F1-C1D330AC75E9}"
EndProject
Project("{FAE04EC0-301F-11D3-BF4B-00C04F79EFBC}") = "StructuralSolver2D.Core", "src\StructuralSolver2D.Core\StructuralSolver2D.Core.csproj", "{A9210603-8630-5074-A3D7-24229910CD1D}"
EndProject
Project("{FAE04EC0-301F-11D3-BF4B-00C04F79EFBC}") = "StructuralSolver2D.Analysis", "src\StructuralSolver2D.Analysis\StructuralSolver2D.Analysis.csproj", "{63AF4AE6-019C-5145-83C2-A165328D03D3}"
EndProject
Project("{FAE04EC0-301F-11D3-BF4B-00C04F79EFBC}") = "StructuralSolver2D.Reporting", "src\StructuralSolver2D.Reporting\StructuralSolver2D.Reporting.csproj", "{94B14D6C-C60B-5560-9D0D-2B0C157D110A}"
EndProject
Project("{FAE04EC0-301F-11D3-BF4B-00C04F79EFBC}") = "StructuralSolver2D.Cli", "src\StructuralSolver2D.Cli\StructuralSolver2D.Cli.csproj", "{B4F5A204-136A-53BF-A638-B128871399B7}"
EndProject
Project("{FAE04EC0-301F-11D3-BF4B-00C04F79EFBC}") = "StructuralSolver2D.Core.Tests", "tests\StructuralSolver2D.Core.Tests\StructuralSolver2D.Core.Tests.csproj", "{5EBA148B-A1DE-542C-9C08-A851CDB4D098}"
EndProject
Project("{FAE04EC0-301F-11D3-BF4B-00C04F79EFBC}") = "StructuralSolver2D.Analysis.Tests", "tests\StructuralSolver2D.Analysis.Tests\StructuralSolver2D.Analysis.Tests.csproj", "{22F13F70-7D28-5A9C-A3CE-89BE0B7D02EA}"
EndProject
Project("{FAE04EC0-301F-11D3-BF4B-00C04F79EFBC}") = "StructuralSolver2D.Reporting.Tests", "tests\StructuralSolver2D.Reporting.Tests\StructuralSolver2D.Reporting.Tests.csproj", "{D76D2D2B-6A68-4F4D-A610-3E5C09117D1A}"
EndProject
Project("{FAE04EC0-301F-11D3-BF4B-00C04F79EFBC}") = "StructuralSolver2D.Cli.Tests", "tests\StructuralSolver2D.Cli.Tests\StructuralSolver2D.Cli.Tests.csproj", "{3CC3276B-D56D-457E-BD32-82F012D4DF5F}"
EndProject
Global
	GlobalSection(SolutionConfigurationPlatforms) = preSolution
		Debug|Any CPU = Debug|Any CPU
		Release|Any CPU = Release|Any CPU
	EndGlobalSection
	GlobalSection(ProjectConfigurationPlatforms) = postSolution
		{A9210603-8630-5074-A3D7-24229910CD1D}.Debug|Any CPU.ActiveCfg = Debug|Any CPU
		{A9210603-8630-5074-A3D7-24229910CD1D}.Debug|Any CPU.Build.0 = Debug|Any CPU
		{A9210603-8630-5074-A3D7-24229910CD1D}.Release|Any CPU.ActiveCfg = Release|Any CPU
		{A9210603-8630-5074-A3D7-24229910CD1D}.Release|Any CPU.Build.0 = Release|Any CPU
		{63AF4AE6-019C-5145-83C2-A165328D03D3}.Debug|Any CPU.ActiveCfg = Debug|Any CPU
		{63AF4AE6-019C-5145-83C2-A165328D03D3}.Debug|Any CPU.Build.0 = Debug|Any CPU
		{63AF4AE6-019C-5145-83C2-A165328D03D3}.Release|Any CPU.ActiveCfg = Release|Any CPU
		{63AF4AE6-019C-5145-83C2-A165328D03D3}.Release|Any CPU.Build.0 = Release|Any CPU
		{94B14D6C-C60B-5560-9D0D-2B0C157D110A}.Debug|Any CPU.ActiveCfg = Debug|Any CPU
		{94B14D6C-C60B-5560-9D0D-2B0C157D110A}.Debug|Any CPU.Build.0 = Debug|Any CPU
		{94B14D6C-C60B-5560-9D0D-2B0C157D110A}.Release|Any CPU.ActiveCfg = Release|Any CPU
		{94B14D6C-C60B-5560-9D0D-2B0C157D110A}.Release|Any CPU.Build.0 = Release|Any CPU
		{B4F5A204-136A-53BF-A638-B128871399B7}.Debug|Any CPU.ActiveCfg = Debug|Any CPU
		{B4F5A204-136A-53BF-A638-B128871399B7}.Debug|Any CPU.Build.0 = Debug|Any CPU
		{B4F5A204-136A-53BF-A638-B128871399B7}.Release|Any CPU.ActiveCfg = Release|Any CPU
		{B4F5A204-136A-53BF-A638-B128871399B7}.Release|Any CPU.Build.0 = Release|Any CPU
		{5EBA148B-A1DE-542C-9C08-A851CDB4D098}.Debug|Any CPU.ActiveCfg = Debug|Any CPU
		{5EBA148B-A1DE-542C-9C08-A851CDB4D098}.Debug|Any CPU.Build.0 = Debug|Any CPU
		{5EBA148B-A1DE-542C-9C08-A851CDB4D098}.Release|Any CPU.ActiveCfg = Release|Any CPU
		{5EBA148B-A1DE-542C-9C08-A851CDB4D098}.Release|Any CPU.Build.0 = Release|Any CPU
		{22F13F70-7D28-5A9C-A3CE-89BE0B7D02EA}.Debug|Any CPU.ActiveCfg = Debug|Any CPU
		{22F13F70-7D28-5A9C-A3CE-89BE0B7D02EA}.Debug|Any CPU.Build.0 = Debug|Any CPU
		{22F13F70-7D28-5A9C-A3CE-89BE0B7D02EA}.Release|Any CPU.ActiveCfg = Release|Any CPU
		{22F13F70-7D28-5A9C-A3CE-89BE0B7D02EA}.Release|Any CPU.Build.0 = Release|Any CPU
		{D76D2D2B-6A68-4F4D-A610-3E5C09117D1A}.Debug|Any CPU.ActiveCfg = Debug|Any CPU
		{D76D2D2B-6A68-4F4D-A610-3E5C09117D1A}.Debug|Any CPU.Build.0 = Debug|Any CPU
		{D76D2D2B-6A68-4F4D-A610-3E5C09117D1A}.Release|Any CPU.ActiveCfg = Release|Any CPU
		{D76D2D2B-6A68-4F4D-A610-3E5C09117D1A}.Release|Any CPU.Build.0 = Release|Any CPU
		{3CC3276B-D56D-457E-BD32-82F012D4DF5F}.Debug|Any CPU.ActiveCfg = Debug|Any CPU
		{3CC3276B-D56D-457E-BD32-82F012D4DF5F}.Debug|Any CPU.Build.0 = Debug|Any CPU
		{3CC3276B-D56D-457E-BD32-82F012D4DF5F}.Release|Any CPU.ActiveCfg = Release|Any CPU
		{3CC3276B-D56D-457E-BD32-82F012D4DF5F}.Release|Any CPU.Build.0 = Release|Any CPU
	EndGlobalSection
	GlobalSection(SolutionProperties) = preSolution
		HideSolutionNode = FALSE
	EndGlobalSection
	GlobalSection(NestedProjects) = preSolution
		{A9210603-8630-5074-A3D7-24229910CD1D} = {7F89FB21-ED89-5B5F-BDEE-6C6279E9CD05}
		{63AF4AE6-019C-5145-83C2-A165328D03D3} = {7F89FB21-ED89-5B5F-BDEE-6C6279E9CD05}
		{94B14D6C-C60B-5560-9D0D-2B0C157D110A} = {7F89FB21-ED89-5B5F-BDEE-6C6279E9CD05}
		{B4F5A204-136A-53BF-A638-B128871399B7} = {7F89FB21-ED89-5B5F-BDEE-6C6279E9CD05}
		{5EBA148B-A1DE-542C-9C08-A851CDB4D098} = {B53CFE07-EEDA-5A4B-96F1-C1D330AC75E9}
		{22F13F70-7D28-5A9C-A3CE-89BE0B7D02EA} = {B53CFE07-EEDA-5A4B-96F1-C1D330AC75E9}
		{D76D2D2B-6A68-4F4D-A610-3E5C09117D1A} = {B53CFE07-EEDA-5A4B-96F1-C1D330AC75E9}
		{3CC3276B-D56D-457E-BD32-82F012D4DF5F} = {B53CFE07-EEDA-5A4B-96F1-C1D330AC75E9}
	EndGlobalSection
EndGlobal
